// !$*UTF8*$!
{
	archiveVersion = 1;
	classes = {
	};
	objectVersion = 50;
	objects = {

/* Begin PBXBuildFile section */
		7F51837E23D5B89B00E4CB5A /* DetailPageViewController.swift in Sources */ = {isa = PBXBuildFile; fileRef = 7F51837D23D5B89B00E4CB5A /* DetailPageViewController.swift */; };
		7F9391D723D18CB90083DAAA /* MovieCollectionViewCell.swift in Sources */ = {isa = PBXBuildFile; fileRef = 7F9391D623D18CB90083DAAA /* MovieCollectionViewCell.swift */; };
		7FA1CA0123D05E5D007AC912 /* AppDelegate.swift in Sources */ = {isa = PBXBuildFile; fileRef = 7FA1CA0023D05E5D007AC912 /* AppDelegate.swift */; };
		7FA1CA0323D05E5D007AC912 /* SceneDelegate.swift in Sources */ = {isa = PBXBuildFile; fileRef = 7FA1CA0223D05E5D007AC912 /* SceneDelegate.swift */; };
		7FA1CA0523D05E5D007AC912 /* ViewController.swift in Sources */ = {isa = PBXBuildFile; fileRef = 7FA1CA0423D05E5D007AC912 /* ViewController.swift */; };
		7FA1CA0823D05E5D007AC912 /* Main.storyboard in Resources */ = {isa = PBXBuildFile; fileRef = 7FA1CA0623D05E5D007AC912 /* Main.storyboard */; };
		7FA1CA0A23D05E6D007AC912 /* Assets.xcassets in Resources */ = {isa = PBXBuildFile; fileRef = 7FA1CA0923D05E6D007AC912 /* Assets.xcassets */; };
		7FA1CA0D23D05E6D007AC912 /* LaunchScreen.storyboard in Resources */ = {isa = PBXBuildFile; fileRef = 7FA1CA0B23D05E6D007AC912 /* LaunchScreen.storyboard */; };
		7FA1CA1823D05E6D007AC912 /* AssignmentTests.swift in Sources */ = {isa = PBXBuildFile; fileRef = 7FA1CA1723D05E6D007AC912 /* AssignmentTests.swift */; };
		7FA1CA2323D05E6D007AC912 /* AssignmentUITests.swift in Sources */ = {isa = PBXBuildFile; fileRef = 7FA1CA2223D05E6D007AC912 /* AssignmentUITests.swift */; };
		7FA1CA3123D0619D007AC912 /* OMDBClient.swift in Sources */ = {isa = PBXBuildFile; fileRef = 7FA1CA3023D0619D007AC912 /* OMDBClient.swift */; };
/* End PBXBuildFile section */

/* Begin PBXContainerItemProxy section */
		7FA1CA1423D05E6D007AC912 /* PBXContainerItemProxy */ = {
			isa = PBXContainerItemProxy;
			containerPortal = 7FA1C9F523D05E5D007AC912 /* Project object */;
			proxyType = 1;
			remoteGlobalIDString = 7FA1C9FC23D05E5D007AC912;
			remoteInfo = Assignment;
		};
		7FA1CA1F23D05E6D007AC912 /* PBXContainerItemProxy */ = {
			isa = PBXContainerItemProxy;
			containerPortal = 7FA1C9F523D05E5D007AC912 /* Project object */;
			proxyType = 1;
			remoteGlobalIDString = 7FA1C9FC23D05E5D007AC912;
			remoteInfo = Assignment;
		};
/* End PBXContainerItemProxy section */

/* Begin PBXFileReference section */
		7F51837D23D5B89B00E4CB5A /* DetailPageViewController.swift */ = {isa = PBXFileReference; lastKnownFileType = sourcecode.swift; path = DetailPageViewController.swift; sourceTree = "<group>"; };
		7F9391D623D18CB90083DAAA /* MovieCollectionViewCell.swift */ = {isa = PBXFileReference; lastKnownFileType = sourcecode.swift; path = MovieCollectionViewCell.swift; sourceTree = "<group>"; };
		7FA1C9FD23D05E5D007AC912 /* demo.app */ = {isa = PBXFileReference; explicitFileType = wrapper.application; includeInIndex = 0; path = demo.app; sourceTree = BUILT_PRODUCTS_DIR; };
		7FA1CA0023D05E5D007AC912 /* AppDelegate.swift */ = {isa = PBXFileReference; lastKnownFileType = sourcecode.swift; path = AppDelegate.swift; sourceTree = "<group>"; };
		7FA1CA0223D05E5D007AC912 /* SceneDelegate.swift */ = {isa = PBXFileReference; lastKnownFileType = sourcecode.swift; path = SceneDelegate.swift; sourceTree = "<group>"; };
		7FA1CA0423D05E5D007AC912 /* ViewController.swift */ = {isa = PBXFileReference; lastKnownFileType = sourcecode.swift; path = ViewController.swift; sourceTree = "<group>"; };
		7FA1CA0723D05E5D007AC912 /* Base */ = {isa = PBXFileReference; lastKnownFileType = file.storyboard; name = Base; path = Base.lproj/Main.storyboard; sourceTree = "<group>"; };
		7FA1CA0923D05E6D007AC912 /* Assets.xcassets */ = {isa = PBXFileReference; lastKnownFileType = folder.assetcatalog; path = Assets.xcassets; sourceTree = "<group>"; };
		7FA1CA0C23D05E6D007AC912 /* Base */ = {isa = PBXFileReference; lastKnownFileType = file.storyboard; name = Base; path = Base.lproj/LaunchScreen.storyboard; sourceTree = "<group>"; };
		7FA1CA0E23D05E6D007AC912 /* Info.plist */ = {isa = PBXFileReference; lastKnownFileType = text.plist.xml; path = Info.plist; sourceTree = "<group>"; };
		7FA1CA1323D05E6D007AC912 /* AssignmentTests.xctest */ = {isa = PBXFileReference; explicitFileType = wrapper.cfbundle; includeInIndex = 0; path = AssignmentTests.xctest; sourceTree = BUILT_PRODUCTS_DIR; };
		7FA1CA1723D05E6D007AC912 /* AssignmentTests.swift */ = {isa = PBXFileReference; lastKnownFileType = sourcecode.swift; path = AssignmentTests.swift; sourceTree = "<group>"; };
		7FA1CA1923D05E6D007AC912 /* Info.plist */ = {isa = PBXFileReference; lastKnownFileType = text.plist.xml; path = Info.plist; sourceTree = "<group>"; };
		7FA1CA1E23D05E6D007AC912 /* AssignmentUITests.xctest */ = {isa = PBXFileReference; explicitFileType = wrapper.cfbundle; includeInIndex = 0; path = AssignmentUITests.xctest; sourceTree = BUILT_PRODUCTS_DIR; };
		7FA1CA2223D05E6D007AC912 /* AssignmentUITests.swift */ = {isa = PBXFileReference; lastKnownFileType = sourcecode.swift; path = AssignmentUITests.swift; sourceTree = "<group>"; };
		7FA1CA2423D05E6D007AC912 /* Info.plist */ = {isa = PBXFileReference; lastKnownFileType = text.plist.xml; path = Info.plist; sourceTree = "<group>"; };
		7FA1CA3023D0619D007AC912 /* OMDBClient.swift */ = {isa = PBXFileReference; lastKnownFileType = sourcecode.swift; path = OMDBClient.swift; sourceTree = "<group>"; };
/* End PBXFileReference section */

/* Begin PBXFrameworksBuildPhase section */
		7FA1C9FA23D05E5D007AC912 /* Frameworks */ = {
			isa = PBXFrameworksBuildPhase;
			buildActionMask = 2147483647;
			files = (
			);
			runOnlyForDeploymentPostprocessing = 0;
		};
		7FA1CA1023D05E6D007AC912 /* Frameworks */ = {
			isa = PBXFrameworksBuildPhase;
			buildActionMask = 2147483647;
			files = (
			);
			runOnlyForDeploymentPostprocessing = 0;
		};
		7FA1CA1B23D05E6D007AC912 /* Frameworks */ = {
			isa = PBXFrameworksBuildPhase;
			buildActionMask = 2147483647;
			files = (
			);
			runOnlyForDeploymentPostprocessing = 0;
		};
/* End PBXFrameworksBuildPhase section */

/* Begin PBXGroup section */
		7FA1C9F423D05E5D007AC912 = {
			isa = PBXGroup;
			children = (
				7FA1C9FF23D05E5D007AC912 /* Assignment */,
				7FA1CA1623D05E6D007AC912 /* AssignmentTests */,
				7FA1CA2123D05E6D007AC912 /* AssignmentUITests */,
				7FA1C9FE23D05E5D007AC912 /* Products */,
			);
			sourceTree = "<group>";
		};
		7FA1C9FE23D05E5D007AC912 /* Products */ = {
			isa = PBXGroup;
			children = (
				7FA1C9FD23D05E5D007AC912 /* demo.app */,
				7FA1CA1323D05E6D007AC912 /* AssignmentTests.xctest */,
				7FA1CA1E23D05E6D007AC912 /* AssignmentUITests.xctest */,
			);
			name = Products;
			sourceTree = "<group>";
		};
		7FA1C9FF23D05E5D007AC912 /* Assignment */ = {
			isa = PBXGroup;
			children = (
				7FA1CA0023D05E5D007AC912 /* AppDelegate.swift */,
				7FA1CA3023D0619D007AC912 /* OMDBClient.swift */,
				7FA1CA0223D05E5D007AC912 /* SceneDelegate.swift */,
				7FA1CA0423D05E5D007AC912 /* ViewController.swift */,
				7FA1CA0623D05E5D007AC912 /* Main.storyboard */,
				7FA1CA0923D05E6D007AC912 /* Assets.xcassets */,
				7FA1CA0B23D05E6D007AC912 /* LaunchScreen.storyboard */,
				7FA1CA0E23D05E6D007AC912 /* Info.plist */,
				7F9391D623D18CB90083DAAA /* MovieCollectionViewCell.swift */,
				7F51837D23D5B89B00E4CB5A /* DetailPageViewController.swift */,
			);
			path = Assignment;
			sourceTree = "<group>";
		};
		7FA1CA1623D05E6D007AC912 /* AssignmentTests */ = {
			isa = PBXGroup;
			children = (
				7FA1CA1723D05E6D007AC912 /* AssignmentTests.swift */,
				7FA1CA1923D05E6D007AC912 /* Info.plist */,
			);
			path = AssignmentTests;
			sourceTree = "<group>";
		};
		7FA1CA2123D05E6D007AC912 /* AssignmentUITests */ = {
			isa = PBXGroup;
			children = (
				7FA1CA2223D05E6D007AC912 /* AssignmentUITests.swift */,
				7FA1CA2423D05E6D007AC912 /* Info.plist */,
			);
			path = AssignmentUITests;
			sourceTree = "<group>";
		};
/* End PBXGroup section */

/* Begin PBXNativeTarget section */
		7FA1C9FC23D05E5D007AC912 /* Assignment */ = {
			isa = PBXNativeTarget;
			buildConfigurationList = 7FA1CA2723D05E6D007AC912 /* Build configuration list for PBXNativeTarget "Assignment" */;
			buildPhases = (
				7FA1C9F923D05E5D007AC912 /* Sources */,
				7FA1C9FA23D05E5D007AC912 /* Frameworks */,
				7FA1C9FB23D05E5D007AC912 /* Resources */,
			);
			buildRules = (
			);
			dependencies = (
			);
			name = Assignment;
			productName = Assignment;
			productReference = 7FA1C9FD23D05E5D007AC912 /* demo.app */;
			productType = "com.apple.product-type.application";
		};
		7FA1CA1223D05E6D007AC912 /* AssignmentTests */ = {
			isa = PBXNativeTarget;
			buildConfigurationList = 7FA1CA2A23D05E6D007AC912 /* Build configuration list for PBXNativeTarget "AssignmentTests" */;
			buildPhases = (
				7FA1CA0F23D05E6D007AC912 /* Sources */,
				7FA1CA1023D05E6D007AC912 /* Frameworks */,
				7FA1CA1123D05E6D007AC912 /* Resources */,
			);
			buildRules = (
			);
			dependencies = (
				7FA1CA1523D05E6D007AC912 /* PBXTargetDependency */,
			);
			name = AssignmentTests;
			productName = AssignmentTests;
			productReference = 7FA1CA1323D05E6D007AC912 /* AssignmentTests.xctest */;
			productType = "com.apple.product-type.bundle.unit-test";
		};
		7FA1CA1D23D05E6D007AC912 /* AssignmentUITests */ = {
			isa = PBXNativeTarget;
			buildConfigurationList = 7FA1CA2D23D05E6D007AC912 /* Build configuration list for PBXNativeTarget "AssignmentUITests" */;
			buildPhases = (
				7FA1CA1A23D05E6D007AC912 /* Sources */,
				7FA1CA1B23D05E6D007AC912 /* Frameworks */,
				7FA1CA1C23D05E6D007AC912 /* Resources */,
			);
			buildRules = (
			);
			dependencies = (
				7FA1CA2023D05E6D007AC912 /* PBXTargetDependency */,
			);
			name = AssignmentUITests;
			productName = AssignmentUITests;
			productReference = 7FA1CA1E23D05E6D007AC912 /* AssignmentUITests.xctest */;
			productType = "com.apple.product-type.bundle.ui-testing";
		};
/* End PBXNativeTarget section */

/* Begin PBXProject section */
		7FA1C9F523D05E5D007AC912 /* Project object */ = {
			isa = PBXProject;
			attributes = {
				LastSwiftUpdateCheck = 1110;
				LastUpgradeCheck = 1110;
				ORGANIZATIONNAME = IT;
				TargetAttributes = {
					7FA1C9FC23D05E5D007AC912 = {
						CreatedOnToolsVersion = 11.1;
					};
					7FA1CA1223D05E6D007AC912 = {
						CreatedOnToolsVersion = 11.1;
						TestTargetID = 7FA1C9FC23D05E5D007AC912;
					};
					7FA1CA1D23D05E6D007AC912 = {
						CreatedOnToolsVersion = 11.1;
						TestTargetID = 7FA1C9FC23D05E5D007AC912;
					};
				};
			};
			buildConfigurationList = 7FA1C9F823D05E5D007AC912 /* Build configuration list for PBXProject "Assignment" */;
			compatibilityVersion = "Xcode 9.3";
			developmentRegion = en;
			hasScannedForEncodings = 0;
			knownRegions = (
				en,
				Base,
			);
			mainGroup = 7FA1C9F423D05E5D007AC912;
			productRefGroup = 7FA1C9FE23D05E5D007AC912 /* Products */;
			projectDirPath = "";
			projectRoot = "";
			targets = (
				7FA1C9FC23D05E5D007AC912 /* Assignment */,
				7FA1CA1223D05E6D007AC912 /* AssignmentTests */,
				7FA1CA1D23D05E6D007AC912 /* AssignmentUITests */,
			);
		};
/* End PBXProject section */

/* Begin PBXResourcesBuildPhase section */
		7FA1C9FB23D05E5D007AC912 /* Resources */ = {
			isa = PBXResourcesBuildPhase;
			buildActionMask = 2147483647;
			files = (
				7FA1CA0D23D05E6D007AC912 /* LaunchScreen.storyboard in Resources */,
				7FA1CA0A23D05E6D007AC912 /* Assets.xcassets in Resources */,
				7FA1CA0823D05E5D007AC912 /* Main.storyboard in Resources */,
			);
			runOnlyForDeploymentPostprocessing = 0;
		};
		7FA1CA1123D05E6D007AC912 /* Resources */ = {
			isa = PBXResourcesBuildPhase;
			buildActionMask = 2147483647;
			files = (
			);
			runOnlyForDeploymentPostprocessing = 0;
		};
		7FA1CA1C23D05E6D007AC912 /* Resources */ = {
			isa = PBXResourcesBuildPhase;
			buildActionMask = 2147483647;
			files = (
			);
			runOnlyForDeploymentPostprocessing = 0;
		};
/* End PBXResourcesBuildPhase section */

/* Begin PBXSourcesBuildPhase section */
		7FA1C9F923D05E5D007AC912 /* Sources */ = {
			isa = PBXSourcesBuildPhase;
			buildActionMask = 2147483647;
			files = (
				7F51837E23D5B89B00E4CB5A /* DetailPageViewController.swift in Sources */,
				7FA1CA3123D0619D007AC912 /* OMDBClient.swift in Sources */,
				7FA1CA0523D05E5D007AC912 /* ViewController.swift in Sources */,
				7F9391D723D18CB90083DAAA /* MovieCollectionViewCell.swift in Sources */,
				7FA1CA0123D05E5D007AC912 /* AppDelegate.swift in Sources */,
				7FA1CA0323D05E5D007AC912 /* SceneDelegate.swift in Sources */,
			);
			runOnlyForDeploymentPostprocessing = 0;
		};
		7FA1CA0F23D05E6D007AC912 /* Sources */ = {
			isa = PBXSourcesBuildPhase;
			buildActionMask = 2147483647;
			files = (
				7FA1CA1823D05E6D007AC912 /* AssignmentTests.swift in Sources */,
			);
			runOnlyForDeploymentPostprocessing = 0;
		};
		7FA1CA1A23D05E6D007AC912 /* Sources */ = {
			isa = PBXSourcesBuildPhase;
			buildActionMask = 2147483647;
			files = (
				7FA1CA2323D05E6D007AC912 /* AssignmentUITests.swift in Sources */,
			);
			runOnlyForDeploymentPostprocessing = 0;
		};
/* End PBXSourcesBuildPhase section */

/* Begin PBXTargetDependency section */
		7FA1CA1523D05E6D007AC912 /* PBXTargetDependency */ = {
			isa = PBXTargetDependency;
			target = 7FA1C9FC23D05E5D007AC912 /* Assignment */;
			targetProxy = 7FA1CA1423D05E6D007AC912 /* PBXContainerItemProxy */;
		};
		7FA1CA2023D05E6D007AC912 /* PBXTargetDependency */ = {
			isa = PBXTargetDependency;
			target = 7FA1C9FC23D05E5D007AC912 /* Assignment */;
			targetProxy = 7FA1CA1F23D05E6D007AC912 /* PBXContainerItemProxy */;
		};
/* End PBXTargetDependency section */

/* Begin PBXVariantGroup section */
		7FA1CA0623D05E5D007AC912 /* Main.storyboard */ = {
			isa = PBXVariantGroup;
			children = (
				7FA1CA0723D05E5D007AC912 /* Base */,
			);
			name = Main.storyboard;
			sourceTree = "<group>";
		};
		7FA1CA0B23D05E6D007AC912 /* LaunchScreen.storyboard */ = {
			isa = PBXVariantGroup;
			children = (
				7FA1CA0C23D05E6D007AC912 /* Base */,
			);
			name = LaunchScreen.storyboard;
			sourceTree = "<group>";
		};
/* End PBXVariantGroup section */

/* Begin XCBuildConfiguration section */
		7FA1CA2523D05E6D007AC912 /* Debug */ = {
			isa = XCBuildConfiguration;
			buildSettings = {
				ALWAYS_SEARCH_USER_PATHS = NO;
				CLANG_ANALYZER_NONNULL = YES;
				CLANG_ANALYZER_NUMBER_OBJECT_CONVERSION = YES_AGGRESSIVE;
				CLANG_CXX_LANGUAGE_STANDARD = "gnu++14";
				CLANG_CXX_LIBRARY = "libc++";
				CLANG_ENABLE_MODULES = YES;
				CLANG_ENABLE_OBJC_ARC = YES;
				CLANG_ENABLE_OBJC_WEAK = YES;
				CLANG_WARN_BLOCK_CAPTURE_AUTORELEASING = YES;
				CLANG_WARN_BOOL_CONVERSION = YES;
				CLANG_WARN_COMMA = YES;
				CLANG_WARN_CONSTANT_CONVERSION = YES;
				CLANG_WARN_DEPRECATED_OBJC_IMPLEMENTATIONS = YES;
				CLANG_WARN_DIRECT_OBJC_ISA_USAGE = YES_ERROR;
				CLANG_WARN_DOCUMENTATION_COMMENTS = YES;
				CLANG_WARN_EMPTY_BODY = YES;
				CLANG_WARN_ENUM_CONVERSION = YES;
				CLANG_WARN_INFINITE_RECURSION = YES;
				CLANG_WARN_INT_CONVERSION = YES;
				CLANG_WARN_NON_LITERAL_NULL_CONVERSION = YES;
				CLANG_WARN_OBJC_IMPLICIT_RETAIN_SELF = YES;
				CLANG_WARN_OBJC_LITERAL_CONVERSION = YES;
				CLANG_WARN_OBJC_ROOT_CLASS = YES_ERROR;
				CLANG_WARN_RANGE_LOOP_ANALYSIS = YES;
				CLANG_WARN_STRICT_PROTOTYPES = YES;
				CLANG_WARN_SUSPICIOUS_MOVE = YES;
				CLANG_WARN_UNGUARDED_AVAILABILITY = YES_AGGRESSIVE;
				CLANG_WARN_UNREACHABLE_CODE = YES;
				CLANG_WARN__DUPLICATE_METHOD_MATCH = YES;
				COPY_PHASE_STRIP = NO;
				DEBUG_INFORMATION_FORMAT = dwarf;
				ENABLE_STRICT_OBJC_MSGSEND = YES;
				ENABLE_TESTABILITY = YES;
				GCC_C_LANGUAGE_STANDARD = gnu11;
				GCC_DYNAMIC_NO_PIC = NO;
				GCC_NO_COMMON_BLOCKS = YES;
				GCC_OPTIMIZATION_LEVEL = 0;
				GCC_PREPROCESSOR_DEFINITIONS = (
					"DEBUG=1",
					"$(inherited)",
				);
				GCC_WARN_64_TO_32_BIT_CONVERSION = YES;
				GCC_WARN_ABOUT_RETURN_TYPE = YES_ERROR;
				GCC_WARN_UNDECLARED_SELECTOR = YES;
				GCC_WARN_UNINITIALIZED_AUTOS = YES_AGGRESSIVE;
				GCC_WARN_UNUSED_FUNCTION = YES;
				GCC_WARN_UNUSED_VARIABLE = YES;
				IPHONEOS_DEPLOYMENT_TARGET = 13.1;
				MTL_ENABLE_DEBUG_INFO = INCLUDE_SOURCE;
				MTL_FAST_MATH = YES;
				ONLY_ACTIVE_ARCH = YES;
				SDKROOT = iphoneos;
				SWIFT_ACTIVE_COMPILATION_CONDITIONS = DEBUG;
				SWIFT_OPTIMIZATION_LEVEL = "-Onone";
			};
			name = Debug;
		};
		7FA1CA2623D05E6D007AC912 /* Release */ = {
			isa = XCBuildConfiguration;
			buildSettings = {
				ALWAYS_SEARCH_USER_PATHS = NO;
				CLANG_ANALYZER_NONNULL = YES;
				CLANG_ANALYZER_NUMBER_OBJECT_CONVERSION = YES_AGGRESSIVE;
				CLANG_CXX_LANGUAGE_STANDARD = "gnu++14";
				CLANG_CXX_LIBRARY = "libc++";
				CLANG_ENABLE_MODULES = YES;
				CLANG_ENABLE_OBJC_ARC = YES;
				CLANG_ENABLE_OBJC_WEAK = YES;
				CLANG_WARN_BLOCK_CAPTURE_AUTORELEASING = YES;
				CLANG_WARN_BOOL_CONVERSION = YES;
				CLANG_WARN_COMMA = YES;
				CLANG_WARN_CONSTANT_CONVERSION = YES;
				CLANG_WARN_DEPRECATED_OBJC_IMPLEMENTATIONS = YES;
				CLANG_WARN_DIRECT_OBJC_ISA_USAGE = YES_ERROR;
				CLANG_WARN_DOCUMENTATION_COMMENTS = YES;
				CLANG_WARN_EMPTY_BODY = YES;
				CLANG_WARN_ENUM_CONVERSION = YES;
				CLANG_WARN_INFINITE_RECURSION = YES;
				CLANG_WARN_INT_CONVERSION = YES;
				CLANG_WARN_NON_LITERAL_NULL_CONVERSION = YES;
				CLANG_WARN_OBJC_IMPLICIT_RETAIN_SELF = YES;
				CLANG_WARN_OBJC_LITERAL_CONVERSION = YES;
				CLANG_WARN_OBJC_ROOT_CLASS = YES_ERROR;
				CLANG_WARN_RANGE_LOOP_ANALYSIS = YES;
				CLANG_WARN_STRICT_PROTOTYPES = YES;
				CLANG_WARN_SUSPICIOUS_MOVE = YES;
				CLANG_WARN_UNGUARDED_AVAILABILITY = YES_AGGRESSIVE;
				CLANG_WARN_UNREACHABLE_CODE = YES;
				CLANG_WARN__DUPLICATE_METHOD_MATCH = YES;
				COPY_PHASE_STRIP = NO;
				DEBUG_INFORMATION_FORMAT = "dwarf-with-dsym";
				ENABLE_NS_ASSERTIONS = NO;
				ENABLE_STRICT_OBJC_MSGSEND = YES;
				GCC_C_LANGUAGE_STANDARD = gnu11;
				GCC_NO_COMMON_BLOCKS = YES;
				GCC_WARN_64_TO_32_BIT_CONVERSION = YES;
				GCC_WARN_ABOUT_RETURN_TYPE = YES_ERROR;
				GCC_WARN_UNDECLARED_SELECTOR = YES;
				GCC_WARN_UNINITIALIZED_AUTOS = YES_AGGRESSIVE;
				GCC_WARN_UNUSED_FUNCTION = YES;
				GCC_WARN_UNUSED_VARIABLE = YES;
				IPHONEOS_DEPLOYMENT_TARGET = 13.1;
				MTL_ENABLE_DEBUG_INFO = NO;
				MTL_FAST_MATH = YES;
				SDKROOT = iphoneos;
				SWIFT_COMPILATION_MODE = wholemodule;
				SWIFT_OPTIMIZATION_LEVEL = "-O";
				VALIDATE_PRODUCT = YES;
			};
			name = Release;
		};
		7FA1CA2823D05E6D007AC912 /* Debug */ = {
			isa = XCBuildConfiguration;
			buildSettings = {
				ASSETCATALOG_COMPILER_APPICON_NAME = AppIcon;
				CODE_SIGN_STYLE = Automatic;
				DEVELOPMENT_TEAM = E3BH3H6CV7;
				INFOPLIST_FILE = Assignment/Info.plist;
				IPHONEOS_DEPLOYMENT_TARGET = 9.0;
				LD_RUNPATH_SEARCH_PATHS = (
					"$(inherited)",
					"@executable_path/Frameworks",
				);
				PRODUCT_BUNDLE_IDENTIFIER = com.rajan.Assignment;
				PRODUCT_NAME = demo;
				SWIFT_VERSION = 5.0;
				TARGETED_DEVICE_FAMILY = 1;
			};
			name = Debug;
		};
		7FA1CA2923D05E6D007AC912 /* Release */ = {
			isa = XCBuildConfiguration;
			buildSettings = {
				ASSETCATALOG_COMPILER_APPICON_NAME = AppIcon;
				CODE_SIGN_STYLE = Automatic;
				DEVELOPMENT_TEAM = E3BH3H6CV7;
				INFOPLIST_FILE = Assignment/Info.plist;
				IPHONEOS_DEPLOYMENT_TARGET = 9.0;
				LD_RUNPATH_SEARCH_PATHS = (
					"$(inherited)",
					"@executable_path/Frameworks",
				);
				PRODUCT_BUNDLE_IDENTIFIER = com.rajan.Assignment;
				PRODUCT_NAME = demo;
				SWIFT_VERSION = 5.0;
				TARGETED_DEVICE_FAMILY = 1;
			};
			name = Release;
		};
		7FA1CA2B23D05E6D007AC912 /* Debug */ = {
			isa = XCBuildConfiguration;
			buildSettings = {
				ALWAYS_EMBED_SWIFT_STANDARD_LIBRARIES = YES;
				BUNDLE_LOADER = "$(TEST_HOST)";
				CODE_SIGN_STYLE = Automatic;
				INFOPLIST_FILE = AssignmentTests/Info.plist;
				IPHONEOS_DEPLOYMENT_TARGET = 13.1;
				LD_RUNPATH_SEARCH_PATHS = (
					"$(inherited)",
					"@executable_path/Frameworks",
					"@loader_path/Frameworks",
				);
				PRODUCT_BUNDLE_IDENTIFIER = com.rajan.AssignmentTests;
				PRODUCT_NAME = "$(TARGET_NAME)";
				SWIFT_VERSION = 5.0;
				TARGETED_DEVICE_FAMILY = "1,2";
				TEST_HOST = "$(BUILT_PRODUCTS_DIR)/Assignment.app/Assignment";
			};
			name = Debug;
		};
		7FA1CA2C23D05E6D007AC912 /* Release */ = {
			isa = XCBuildConfiguration;
			buildSettings = {
				ALWAYS_EMBED_SWIFT_STANDARD_LIBRARIES = YES;
				BUNDLE_LOADER = "$(TEST_HOST)";
				CODE_SIGN_STYLE = Automatic;
				INFOPLIST_FILE = AssignmentTests/Info.plist;
				IPHONEOS_DEPLOYMENT_TARGET = 13.1;
				LD_RUNPATH_SEARCH_PATHS = (
					"$(inherited)",
					"@executable_path/Frameworks",
					"@loader_path/Frameworks",
				);
				PRODUCT_BUNDLE_IDENTIFIER = com.rajan.AssignmentTests;
				PRODUCT_NAME = "$(TARGET_NAME)";
				SWIFT_VERSION = 5.0;
				TARGETED_DEVICE_FAMILY = "1,2";
				TEST_HOST = "$(BUILT_PRODUCTS_DIR)/Assignment.app/Assignment";
			};
			name = Release;
		};
		7FA1CA2E23D05E6D007AC912 /* Debug */ = {
			isa = XCBuildConfiguration;
			buildSettings = {
				ALWAYS_EMBED_SWIFT_STANDARD_LIBRARIES = YES;
				CODE_SIGN_STYLE = Automatic;
				INFOPLIST_FILE = AssignmentUITests/Info.plist;
				LD_RUNPATH_SEARCH_PATHS = (
					"$(inherited)",
					"@executable_path/Frameworks",
					"@loader_path/Frameworks",
				);
				PRODUCT_BUNDLE_IDENTIFIER = com.rajan.AssignmentUITests;
				PRODUCT_NAME = "$(TARGET_NAME)";
				SWIFT_VERSION = 5.0;
				TARGETED_DEVICE_FAMILY = "1,2";
				TEST_TARGET_NAME = Assignment;
			};
			name = Debug;
		};
		7FA1CA2F23D05E6D007AC912 /* Release */ = {
			isa = XCBuildConfiguration;
			buildSettings = {
				ALWAYS_EMBED_SWIFT_STANDARD_LIBRARIES = YES;
				CODE_SIGN_STYLE = Automatic;
				INFOPLIST_FILE = AssignmentUITests/Info.plist;
				LD_RUNPATH_SEARCH_PATHS = (
					"$(inherited)",
					"@executable_path/Frameworks",
					"@loader_path/Frameworks",
				);
				PRODUCT_BUNDLE_IDENTIFIER = com.rajan.AssignmentUITests;
				PRODUCT_NAME = "$(TARGET_NAME)";
				SWIFT_VERSION = 5.0;
				TARGETED_DEVICE_FAMILY = "1,2";
				TEST_TARGET_NAME = Assignment;
			};
			name = Release;
		};
/* End XCBuildConfiguration section */

/* Begin XCConfigurationList section */
		7FA1C9F823D05E5D007AC912 /* Build configuration list for PBXProject "Assignment" */ = {
			isa = XCConfigurationList;
			buildConfigurations = (
				7FA1CA2523D05E6D007AC912 /* Debug */,
				7FA1CA2623D05E6D007AC912 /* Release */,
			);
			defaultConfigurationIsVisible = 0;
			defaultConfigurationName = Release;
		};
		7FA1CA2723D05E6D007AC912 /* Build configuration list for PBXNativeTarget "Assignment" */ = {
			isa = XCConfigurationList;
			buildConfigurations = (
				7FA1CA2823D05E6D007AC912 /* Debug */,
				7FA1CA2923D05E6D007AC912 /* Release */,
			);
			defaultConfigurationIsVisible = 0;
			defaultConfigurationName = Release;
		};
		7FA1CA2A23D05E6D007AC912 /* Build configuration list for PBXNativeTarget "AssignmentTests" */ = {
			isa = XCConfigurationList;
			buildConfigurations = (
				7FA1CA2B23D05E6D007AC912 /* Debug */,
				7FA1CA2C23D05E6D007AC912 /* Release */,
			);
			defaultConfigurationIsVisible = 0;
			defaultConfigurationName = Release;
		};
		7FA1CA2D23D05E6D007AC912 /* Build configuration list for PBXNativeTarget "AssignmentUITests" */ = {
			isa = XCConfigurationList;
			buildConfigurations = (
				7FA1CA2E23D05E6D007AC912 /* Debug */,
				7FA1CA2F23D05E6D007AC912 /* Release */,
			);
			defaultConfigurationIsVisible = 0;
			defaultConfigurationName = Release;
		};
/* End XCConfigurationList section */
	};
	rootObject = 7FA1C9F523D05E5D007AC912 /* Project object */;
}
